
Microsoft Visual Studio Solution File, Format Version 12.00
# Visual Studio Version 16
VisualStudioVersion = 16.0.30330.147
MinimumVisualStudioVersion = 10.0.40219.1
Project("{FAE04EC0-301F-11D3-BF4B-00C04F79EFBC}") = "Admin.Panel.Web", "Admin.Panel.Web\Admin.Panel.Web.csproj", "{8E249E4F-F68F-4E04-BE83-2BADC2800635}"
EndProject
Project("{FAE04EC0-301F-11D3-BF4B-00C04F79EFBC}") = "Admin.Panel.Core", "Admin.Panel.Core\Admin.Panel.Core.csproj", "{D7301DD1-F63E-4729-B5FF-648D54CD96BE}"
EndProject
Project("{FAE04EC0-301F-11D3-BF4B-00C04F79EFBC}") = "Admin.Panel.Data", "Admin.Panel.Data\Admin.Panel.Data.csproj", "{72983824-8D6E-4E35-AD64-5E423EC722E4}"
EndProject
Global
	GlobalSection(SolutionConfigurationPlatforms) = preSolution
		Debug|Any CPU = Debug|Any CPU
		Release|Any CPU = Release|Any CPU
	EndGlobalSection
	GlobalSection(ProjectConfigurationPlatforms) = postSolution
		{8E249E4F-F68F-4E04-BE83-2BADC2800635}.Debug|Any CPU.ActiveCfg = Debug|Any CPU
		{8E249E4F-F68F-4E04-BE83-2BADC2800635}.Debug|Any CPU.Build.0 = Debug|Any CPU
		{8E249E4F-F68F-4E04-BE83-2BADC2800635}.Release|Any CPU.ActiveCfg = Release|Any CPU
		{8E249E4F-F68F-4E04-BE83-2BADC2800635}.Release|Any CPU.Build.0 = Release|Any CPU
		{D7301DD1-F63E-4729-B5FF-648D54CD96BE}.Debug|Any CPU.ActiveCfg = Debug|Any CPU
		{D7301DD1-F63E-4729-B5FF-648D54CD96BE}.Debug|Any CPU.Build.0 = Debug|Any CPU
		{D7301DD1-F63E-4729-B5FF-648D54CD96BE}.Release|Any CPU.ActiveCfg = Release|Any CPU
		{D7301DD1-F63E-4729-B5FF-648D54CD96BE}.Release|Any CPU.Build.0 = Release|Any CPU
		{72983824-8D6E-4E35-AD64-5E423EC722E4}.Debug|Any CPU.ActiveCfg = Debug|Any CPU
		{72983824-8D6E-4E35-AD64-5E423EC722E4}.Debug|Any CPU.Build.0 = Debug|Any CPU
		{72983824-8D6E-4E35-AD64-5E423EC722E4}.Release|Any CPU.ActiveCfg = Release|Any CPU
		{72983824-8D6E-4E35-AD64-5E423EC722E4}.Release|Any CPU.Build.0 = Release|Any CPU
	EndGlobalSection
	GlobalSection(SolutionProperties) = preSolution
		HideSolutionNode = FALSE
	EndGlobalSection
	GlobalSection(ExtensibilityGlobals) = postSolution
		SolutionGuid = {2DC65C88-3705-49BA-92DF-BC262C2EC965}
	EndGlobalSection
EndGlobal
